// !$*UTF8*$!
{
	archiveVersion = 1;
	classes = {
	};
	objectVersion = 46;
	objects = {

/* Begin PBXBuildFile section */
		0EBF791B1C192A9D004C7667 /* main.m in Sources */ = {isa = PBXBuildFile; fileRef = 0EBF791A1C192A9D004C7667 /* main.m */; };
		0EBF791E1C192A9D004C7667 /* AppDelegate.m in Sources */ = {isa = PBXBuildFile; fileRef = 0EBF791D1C192A9D004C7667 /* AppDelegate.m */; };
		0EBF79211C192A9D004C7667 /* ViewController.m in Sources */ = {isa = PBXBuildFile; fileRef = 0EBF79201C192A9D004C7667 /* ViewController.m */; };
		0EBF79241C192A9D004C7667 /* Main.storyboard in Resources */ = {isa = PBXBuildFile; fileRef = 0EBF79221C192A9D004C7667 /* Main.storyboard */; };
		0EBF79261C192A9D004C7667 /* Assets.xcassets in Resources */ = {isa = PBXBuildFile; fileRef = 0EBF79251C192A9D004C7667 /* Assets.xcassets */; };
		0EBF79291C192A9D004C7667 /* LaunchScreen.storyboard in Resources */ = {isa = PBXBuildFile; fileRef = 0EBF79271C192A9D004C7667 /* LaunchScreen.storyboard */; };
		0EBF79341C192A9D004C7667 /* __Tests.m in Sources */ = {isa = PBXBuildFile; fileRef = 0EBF79331C192A9D004C7667 /* __Tests.m */; };
		0EBF793F1C192A9D004C7667 /* __UITests.m in Sources */ = {isa = PBXBuildFile; fileRef = 0EBF793E1C192A9D004C7667 /* __UITests.m */; };
		0EBF795B1C195A1A004C7667 /* MyBtn.m in Sources */ = {isa = PBXBuildFile; fileRef = 0EBF795A1C195A1A004C7667 /* MyBtn.m */; settings = {ASSET_TAGS = (); }; };
		0EBF796B1C19717B004C7667 /* MBProgressHUD+MJ.m in Sources */ = {isa = PBXBuildFile; fileRef = 0EBF79671C19717B004C7667 /* MBProgressHUD+MJ.m */; settings = {ASSET_TAGS = (); }; };
		0EBF796C1C19717B004C7667 /* MBProgressHUD.bundle in Resources */ = {isa = PBXBuildFile; fileRef = 0EBF79681C19717B004C7667 /* MBProgressHUD.bundle */; settings = {ASSET_TAGS = (); }; };
		0EBF796D1C19717B004C7667 /* MBProgressHUD.m in Sources */ = {isa = PBXBuildFile; fileRef = 0EBF796A1C19717B004C7667 /* MBProgressHUD.m */; settings = {ASSET_TAGS = (); }; };
/* End PBXBuildFile section */

/* Begin PBXContainerItemProxy section */
		0EBF79301C192A9D004C7667 /* PBXContainerItemProxy */ = {
			isa = PBXContainerItemProxy;
			containerPortal = 0EBF790E1C192A9D004C7667 /* Project object */;
			proxyType = 1;
			remoteGlobalIDString = 0EBF79151C192A9D004C7667;
			remoteInfo = "登陆";
		};
		0EBF793B1C192A9D004C7667 /* PBXContainerItemProxy */ = {
			isa = PBXContainerItemProxy;
			containerPortal = 0EBF790E1C192A9D004C7667 /* Project object */;
			proxyType = 1;
			remoteGlobalIDString = 0EBF79151C192A9D004C7667;
			remoteInfo = "登陆";
		};
/* End PBXContainerItemProxy section */

/* Begin PBXFileReference section */
		0EBF79161C192A9D004C7667 /* 登陆.app */ = {isa = PBXFileReference; explicitFileType = wrapper.application; includeInIndex = 0; path = "登陆.app"; sourceTree = BUILT_PRODUCTS_DIR; };
		0EBF791A1C192A9D004C7667 /* main.m */ = {isa = PBXFileReference; lastKnownFileType = sourcecode.c.objc; path = main.m; sourceTree = "<group>"; };
		0EBF791C1C192A9D004C7667 /* AppDelegate.h */ = {isa = PBXFileReference; lastKnownFileType = sourcecode.c.h; path = AppDelegate.h; sourceTree = "<group>"; };
		0EBF791D1C192A9D004C7667 /* AppDelegate.m */ = {isa = PBXFileReference; lastKnownFileType = sourcecode.c.objc; path = AppDelegate.m; sourceTree = "<group>"; };
		0EBF791F1C192A9D004C7667 /* ViewController.h */ = {isa = PBXFileReference; lastKnownFileType = sourcecode.c.h; path = ViewController.h; sourceTree = "<group>"; };
		0EBF79201C192A9D004C7667 /* ViewController.m */ = {isa = PBXFileReference; lastKnownFileType = sourcecode.c.objc; path = ViewController.m; sourceTree = "<group>"; };
		0EBF79231C192A9D004C7667 /* Base */ = {isa = PBXFileReference; lastKnownFileType = file.storyboard; name = Base; path = Base.lproj/Main.storyboard; sourceTree = "<group>"; };
		0EBF79251C192A9D004C7667 /* Assets.xcassets */ = {isa = PBXFileReference; lastKnownFileType = folder.assetcatalog; path = Assets.xcassets; sourceTree = "<group>"; };
		0EBF79281C192A9D004C7667 /* Base */ = {isa = PBXFileReference; lastKnownFileType = file.storyboard; name = Base; path = Base.lproj/LaunchScreen.storyboard; sourceTree = "<group>"; };
		0EBF792A1C192A9D004C7667 /* Info.plist */ = {isa = PBXFileReference; lastKnownFileType = text.plist.xml; path = Info.plist; sourceTree = "<group>"; };
		0EBF792F1C192A9D004C7667 /* 登陆Tests.xctest */ = {isa = PBXFileReference; explicitFileType = wrapper.cfbundle; includeInIndex = 0; path = "登陆Tests.xctest"; sourceTree = BUILT_PRODUCTS_DIR; };
		0EBF79331C192A9D004C7667 /* __Tests.m */ = {isa = PBXFileReference; lastKnownFileType = sourcecode.c.objc; path = __Tests.m; sourceTree = "<group>"; };
		0EBF79351C192A9D004C7667 /* Info.plist */ = {isa = PBXFileReference; lastKnownFileType = text.plist.xml; path = Info.plist; sourceTree = "<group>"; };
		0EBF793A1C192A9D004C7667 /* 登陆UITests.xctest */ = {isa = PBXFileReference; explicitFileType = wrapper.cfbundle; includeInIndex = 0; path = "登陆UITests.xctest"; sourceTree = BUILT_PRODUCTS_DIR; };
		0EBF793E1C192A9D004C7667 /* __UITests.m */ = {isa = PBXFileReference; lastKnownFileType = sourcecode.c.objc; path = __UITests.m; sourceTree = "<group>"; };
		0EBF79401C192A9D004C7667 /* Info.plist */ = {isa = PBXFileReference; lastKnownFileType = text.plist.xml; path = Info.plist; sourceTree = "<group>"; };
		0EBF79591C195A1A004C7667 /* MyBtn.h */ = {isa = PBXFileReference; fileEncoding = 4; lastKnownFileType = sourcecode.c.h; path = MyBtn.h; sourceTree = "<group>"; };
		0EBF795A1C195A1A004C7667 /* MyBtn.m */ = {isa = PBXFileReference; fileEncoding = 4; lastKnownFileType = sourcecode.c.objc; path = MyBtn.m; sourceTree = "<group>"; };
		0EBF79661C19717B004C7667 /* MBProgressHUD+MJ.h */ = {isa = PBXFileReference; fileEncoding = 4; lastKnownFileType = sourcecode.c.h; path = "MBProgressHUD+MJ.h"; sourceTree = "<group>"; };
		0EBF79671C19717B004C7667 /* MBProgressHUD+MJ.m */ = {isa = PBXFileReference; fileEncoding = 4; lastKnownFileType = sourcecode.c.objc; path = "MBProgressHUD+MJ.m"; sourceTree = "<group>"; };
		0EBF79681C19717B004C7667 /* MBProgressHUD.bundle */ = {isa = PBXFileReference; lastKnownFileType = "wrapper.plug-in"; path = MBProgressHUD.bundle; sourceTree = "<group>"; };
		0EBF79691C19717B004C7667 /* MBProgressHUD.h */ = {isa = PBXFileReference; fileEncoding = 4; lastKnownFileType = sourcecode.c.h; path = MBProgressHUD.h; sourceTree = "<group>"; };
		0EBF796A1C19717B004C7667 /* MBProgressHUD.m */ = {isa = PBXFileReference; fileEncoding = 4; lastKnownFileType = sourcecode.c.objc; path = MBProgressHUD.m; sourceTree = "<group>"; };
/* End PBXFileReference section */

/* Begin PBXFrameworksBuildPhase section */
		0EBF79131C192A9D004C7667 /* Frameworks */ = {
			isa = PBXFrameworksBuildPhase;
			buildActionMask = 2147483647;
			files = (
			);
			runOnlyForDeploymentPostprocessing = 0;
		};
		0EBF792C1C192A9D004C7667 /* Frameworks */ = {
			isa = PBXFrameworksBuildPhase;
			buildActionMask = 2147483647;
			files = (
			);
			runOnlyForDeploymentPostprocessing = 0;
		};
		0EBF79371C192A9D004C7667 /* Frameworks */ = {
			isa = PBXFrameworksBuildPhase;
			buildActionMask = 2147483647;
			files = (
			);
			runOnlyForDeploymentPostprocessing = 0;
		};
/* End PBXFrameworksBuildPhase section */

/* Begin PBXGroup section */
		0EBF790D1C192A9D004C7667 = {
			isa = PBXGroup;
			children = (
				0EBF79181C192A9D004C7667 /* 登陆 */,
				0EBF79321C192A9D004C7667 /* 登陆Tests */,
				0EBF793D1C192A9D004C7667 /* 登陆UITests */,
				0EBF79171C192A9D004C7667 /* Products */,
			);
			sourceTree = "<group>";
		};
		0EBF79171C192A9D004C7667 /* Products */ = {
			isa = PBXGroup;
			children = (
				0EBF79161C192A9D004C7667 /* 登陆.app */,
				0EBF792F1C192A9D004C7667 /* 登陆Tests.xctest */,
				0EBF793A1C192A9D004C7667 /* 登陆UITests.xctest */,
			);
			name = Products;
			sourceTree = "<group>";
		};
		0EBF79181C192A9D004C7667 /* 登陆 */ = {
			isa = PBXGroup;
			children = (
				0EBF79651C19717B004C7667 /* MBProgressHUD */,
				0EBF791C1C192A9D004C7667 /* AppDelegate.h */,
				0EBF791D1C192A9D004C7667 /* AppDelegate.m */,
				0EBF791F1C192A9D004C7667 /* ViewController.h */,
				0EBF79201C192A9D004C7667 /* ViewController.m */,
				0EBF79591C195A1A004C7667 /* MyBtn.h */,
				0EBF795A1C195A1A004C7667 /* MyBtn.m */,
				0EBF79221C192A9D004C7667 /* Main.storyboard */,
				0EBF79251C192A9D004C7667 /* Assets.xcassets */,
				0EBF79271C192A9D004C7667 /* LaunchScreen.storyboard */,
				0EBF792A1C192A9D004C7667 /* Info.plist */,
				0EBF79191C192A9D004C7667 /* Supporting Files */,
			);
			path = "登陆";
			sourceTree = "<group>";
		};
		0EBF79191C192A9D004C7667 /* Supporting Files */ = {
			isa = PBXGroup;
			children = (
				0EBF791A1C192A9D004C7667 /* main.m */,
			);
			name = "Supporting Files";
			sourceTree = "<group>";
		};
		0EBF79321C192A9D004C7667 /* 登陆Tests */ = {
			isa = PBXGroup;
			children = (
				0EBF79331C192A9D004C7667 /* __Tests.m */,
				0EBF79351C192A9D004C7667 /* Info.plist */,
			);
			path = "登陆Tests";
			sourceTree = "<group>";
		};
		0EBF793D1C192A9D004C7667 /* 登陆UITests */ = {
			isa = PBXGroup;
			children = (
				0EBF793E1C192A9D004C7667 /* __UITests.m */,
				0EBF79401C192A9D004C7667 /* Info.plist */,
			);
			path = "登陆UITests";
			sourceTree = "<group>";
		};
		0EBF79651C19717B004C7667 /* MBProgressHUD */ = {
			isa = PBXGroup;
			children = (
				0EBF79661C19717B004C7667 /* MBProgressHUD+MJ.h */,
				0EBF79671C19717B004C7667 /* MBProgressHUD+MJ.m */,
				0EBF79681C19717B004C7667 /* MBProgressHUD.bundle */,
				0EBF79691C19717B004C7667 /* MBProgressHUD.h */,
				0EBF796A1C19717B004C7667 /* MBProgressHUD.m */,
			);
			path = MBProgressHUD;
			sourceTree = "<group>";
		};
/* End PBXGroup section */

/* Begin PBXNativeTarget section */
		0EBF79151C192A9D004C7667 /* 登陆 */ = {
			isa = PBXNativeTarget;
			buildConfigurationList = 0EBF79431C192A9D004C7667 /* Build configuration list for PBXNativeTarget "登陆" */;
			buildPhases = (
				0EBF79121C192A9D004C7667 /* Sources */,
				0EBF79131C192A9D004C7667 /* Frameworks */,
				0EBF79141C192A9D004C7667 /* Resources */,
			);
			buildRules = (
			);
			dependencies = (
			);
			name = "登陆";
			productName = "登陆";
			productReference = 0EBF79161C192A9D004C7667 /* 登陆.app */;
			productType = "com.apple.product-type.application";
		};
		0EBF792E1C192A9D004C7667 /* 登陆Tests */ = {
			isa = PBXNativeTarget;
			buildConfigurationList = 0EBF79461C192A9D004C7667 /* Build configuration list for PBXNativeTarget "登陆Tests" */;
			buildPhases = (
				0EBF792B1C192A9D004C7667 /* Sources */,
				0EBF792C1C192A9D004C7667 /* Frameworks */,
				0EBF792D1C192A9D004C7667 /* Resources */,
			);
			buildRules = (
			);
			dependencies = (
				0EBF79311C192A9D004C7667 /* PBXTargetDependency */,
			);
			name = "登陆Tests";
			productName = "登陆Tests";
			productReference = 0EBF792F1C192A9D004C7667 /* 登陆Tests.xctest */;
			productType = "com.apple.product-type.bundle.unit-test";
		};
		0EBF79391C192A9D004C7667 /* 登陆UITests */ = {
			isa = PBXNativeTarget;
			buildConfigurationList = 0EBF79491C192A9D004C7667 /* Build configuration list for PBXNativeTarget "登陆UITests" */;
			buildPhases = (
				0EBF79361C192A9D004C7667 /* Sources */,
				0EBF79371C192A9D004C7667 /* Frameworks */,
				0EBF79381C192A9D004C7667 /* Resources */,
			);
			buildRules = (
			);
			dependencies = (
				0EBF793C1C192A9D004C7667 /* PBXTargetDependency */,
			);
			name = "登陆UITests";
			productName = "登陆UITests";
			productReference = 0EBF793A1C192A9D004C7667 /* 登陆UITests.xctest */;
			productType = "com.apple.product-type.bundle.ui-testing";
		};
/* End PBXNativeTarget section */

/* Begin PBXProject section */
		0EBF790E1C192A9D004C7667 /* Project object */ = {
			isa = PBXProject;
			attributes = {
				LastUpgradeCheck = 0700;
				ORGANIZATIONNAME = songzhuo;
				TargetAttributes = {
					0EBF79151C192A9D004C7667 = {
						CreatedOnToolsVersion = 7.0;
					};
					0EBF792E1C192A9D004C7667 = {
						CreatedOnToolsVersion = 7.0;
						TestTargetID = 0EBF79151C192A9D004C7667;
					};
					0EBF79391C192A9D004C7667 = {
						CreatedOnToolsVersion = 7.0;
						TestTargetID = 0EBF79151C192A9D004C7667;
					};
				};
			};
			buildConfigurationList = 0EBF79111C192A9D004C7667 /* Build configuration list for PBXProject "登陆" */;
			compatibilityVersion = "Xcode 3.2";
			developmentRegion = English;
			hasScannedForEncodings = 0;
			knownRegions = (
				en,
				Base,
			);
			mainGroup = 0EBF790D1C192A9D004C7667;
			productRefGroup = 0EBF79171C192A9D004C7667 /* Products */;
			projectDirPath = "";
			projectRoot = "";
			targets = (
				0EBF79151C192A9D004C7667 /* 登陆 */,
				0EBF792E1C192A9D004C7667 /* 登陆Tests */,
				0EBF79391C192A9D004C7667 /* 登陆UITests */,
			);
		};
/* End PBXProject section */

/* Begin PBXResourcesBuildPhase section */
		0EBF79141C192A9D004C7667 /* Resources */ = {
			isa = PBXResourcesBuildPhase;
			buildActionMask = 2147483647;
			files = (
				0EBF79291C192A9D004C7667 /* LaunchScreen.storyboard in Resources */,
				0EBF796C1C19717B004C7667 /* MBProgressHUD.bundle in Resources */,
				0EBF79261C192A9D004C7667 /* Assets.xcassets in Resources */,
				0EBF79241C192A9D004C7667 /* Main.storyboard in Resources */,
			);
			runOnlyForDeploymentPostprocessing = 0;
		};
		0EBF792D1C192A9D004C7667 /* Resources */ = {
			isa = PBXResourcesBuildPhase;
			buildActionMask = 2147483647;
			files = (
			);
			runOnlyForDeploymentPostprocessing = 0;
		};
		0EBF79381C192A9D004C7667 /* Resources */ = {
			isa = PBXResourcesBuildPhase;
			buildActionMask = 2147483647;
			files = (
			);
			runOnlyForDeploymentPostprocessing = 0;
		};
/* End PBXResourcesBuildPhase section */

/* Begin PBXSourcesBuildPhase section */
		0EBF79121C192A9D004C7667 /* Sources */ = {
			isa = PBXSourcesBuildPhase;
			buildActionMask = 2147483647;
			files = (
				0EBF795B1C195A1A004C7667 /* MyBtn.m in Sources */,
				0EBF796D1C19717B004C7667 /* MBProgressHUD.m in Sources */,
				0EBF796B1C19717B004C7667 /* MBProgressHUD+MJ.m in Sources */,
				0EBF79211C192A9D004C7667 /* ViewController.m in Sources */,
				0EBF791E1C192A9D004C7667 /* AppDelegate.m in Sources */,
				0EBF791B1C192A9D004C7667 /* main.m in Sources */,
			);
			runOnlyForDeploymentPostprocessing = 0;
		};
		0EBF792B1C192A9D004C7667 /* Sources */ = {
			isa = PBXSourcesBuildPhase;
			buildActionMask = 2147483647;
			files = (
				0EBF79341C192A9D004C7667 /* __Tests.m in Sources */,
			);
			runOnlyForDeploymentPostprocessing = 0;
		};
		0EBF79361C192A9D004C7667 /* Sources */ = {
			isa = PBXSourcesBuildPhase;
			buildActionMask = 2147483647;
			files = (
				0EBF793F1C192A9D004C7667 /* __UITests.m in Sources */,
			);
			runOnlyForDeploymentPostprocessing = 0;
		};
/* End PBXSourcesBuildPhase section */

/* Begin PBXTargetDependency section */
		0EBF79311C192A9D004C7667 /* PBXTargetDependency */ = {
			isa = PBXTargetDependency;
			target = 0EBF79151C192A9D004C7667 /* 登陆 */;
			targetProxy = 0EBF79301C192A9D004C7667 /* PBXContainerItemProxy */;
		};
		0EBF793C1C192A9D004C7667 /* PBXTargetDependency */ = {
			isa = PBXTargetDependency;
			target = 0EBF79151C192A9D004C7667 /* 登陆 */;
			targetProxy = 0EBF793B1C192A9D004C7667 /* PBXContainerItemProxy */;
		};
/* End PBXTargetDependency section */

/* Begin PBXVariantGroup section */
		0EBF79221C192A9D004C7667 /* Main.storyboard */ = {
			isa = PBXVariantGroup;
			children = (
				0EBF79231C192A9D004C7667 /* Base */,
			);
			name = Main.storyboard;
			sourceTree = "<group>";
		};
		0EBF79271C192A9D004C7667 /* LaunchScreen.storyboard */ = {
			isa = PBXVariantGroup;
			children = (
				0EBF79281C192A9D004C7667 /* Base */,
			);
			name = LaunchScreen.storyboard;
			sourceTree = "<group>";
		};
/* End PBXVariantGroup section */

/* Begin XCBuildConfiguration section */
		0EBF79411C192A9D004C7667 /* Debug */ = {
			isa = XCBuildConfiguration;
			buildSettings = {
				ALWAYS_SEARCH_USER_PATHS = NO;
				CLANG_CXX_LANGUAGE_STANDARD = "gnu++0x";
				CLANG_CXX_LIBRARY = "libc++";
				CLANG_ENABLE_MODULES = YES;
				CLANG_ENABLE_OBJC_ARC = YES;
				CLANG_WARN_BOOL_CONVERSION = YES;
				CLANG_WARN_CONSTANT_CONVERSION = YES;
				CLANG_WARN_DIRECT_OBJC_ISA_USAGE = YES_ERROR;
				CLANG_WARN_EMPTY_BODY = YES;
				CLANG_WARN_ENUM_CONVERSION = YES;
				CLANG_WARN_INT_CONVERSION = YES;
				CLANG_WARN_OBJC_ROOT_CLASS = YES_ERROR;
				CLANG_WARN_UNREACHABLE_CODE = YES;
				CLANG_WARN__DUPLICATE_METHOD_MATCH = YES;
				"CODE_SIGN_IDENTITY[sdk=iphoneos*]" = "iPhone Developer";
				COPY_PHASE_STRIP = NO;
				DEBUG_INFORMATION_FORMAT = dwarf;
				ENABLE_STRICT_OBJC_MSGSEND = YES;
				ENABLE_TESTABILITY = YES;
				GCC_C_LANGUAGE_STANDARD = gnu99;
				GCC_DYNAMIC_NO_PIC = NO;
				GCC_NO_COMMON_BLOCKS = YES;
				GCC_OPTIMIZATION_LEVEL = 0;
				GCC_PREPROCESSOR_DEFINITIONS = (
					"DEBUG=1",
					"$(inherited)",
				);
				GCC_WARN_64_TO_32_BIT_CONVERSION = YES;
				GCC_WARN_ABOUT_RETURN_TYPE = YES_ERROR;
				GCC_WARN_UNDECLARED_SELECTOR = YES;
				GCC_WARN_UNINITIALIZED_AUTOS = YES_AGGRESSIVE;
				GCC_WARN_UNUSED_FUNCTION = YES;
				GCC_WARN_UNUSED_VARIABLE = YES;
				IPHONEOS_DEPLOYMENT_TARGET = 9.0;
				MTL_ENABLE_DEBUG_INFO = YES;
				ONLY_ACTIVE_ARCH = YES;
				SDKROOT = iphoneos;
			};
			name = Debug;
		};
		0EBF79421C192A9D004C7667 /* Release */ = {
			isa = XCBuildConfiguration;
			buildSettings = {
				ALWAYS_SEARCH_USER_PATHS = NO;
				CLANG_CXX_LANGUAGE_STANDARD = "gnu++0x";
				CLANG_CXX_LIBRARY = "libc++";
				CLANG_ENABLE_MODULES = YES;
				CLANG_ENABLE_OBJC_ARC = YES;
				CLANG_WARN_BOOL_CONVERSION = YES;
				CLANG_WARN_CONSTANT_CONVERSION = YES;
				CLANG_WARN_DIRECT_OBJC_ISA_USAGE = YES_ERROR;
				CLANG_WARN_EMPTY_BODY = YES;
				CLANG_WARN_ENUM_CONVERSION = YES;
				CLANG_WARN_INT_CONVERSION = YES;
				CLANG_WARN_OBJC_ROOT_CLASS = YES_ERROR;
				CLANG_WARN_UNREACHABLE_CODE = YES;
				CLANG_WARN__DUPLICATE_METHOD_MATCH = YES;
				"CODE_SIGN_IDENTITY[sdk=iphoneos*]" = "iPhone Developer";
				COPY_PHASE_STRIP = NO;
				DEBUG_INFORMATION_FORMAT = "dwarf-with-dsym";
				ENABLE_NS_ASSERTIONS = NO;
				ENABLE_STRICT_OBJC_MSGSEND = YES;
				GCC_C_LANGUAGE_STANDARD = gnu99;
				GCC_NO_COMMON_BLOCKS = YES;
				GCC_WARN_64_TO_32_BIT_CONVERSION = YES;
				GCC_WARN_ABOUT_RETURN_TYPE = YES_ERROR;
				GCC_WARN_UNDECLARED_SELECTOR = YES;
				GCC_WARN_UNINITIALIZED_AUTOS = YES_AGGRESSIVE;
				GCC_WARN_UNUSED_FUNCTION = YES;
				GCC_WARN_UNUSED_VARIABLE = YES;
				IPHONEOS_DEPLOYMENT_TARGET = 9.0;
				MTL_ENABLE_DEBUG_INFO = NO;
				SDKROOT = iphoneos;
				VALIDATE_PRODUCT = YES;
			};
			name = Release;
		};
		0EBF79441C192A9D004C7667 /* Debug */ = {
			isa = XCBuildConfiguration;
			buildSettings = {
				ASSETCATALOG_COMPILER_APPICON_NAME = AppIcon;
				INFOPLIST_FILE = "登陆/Info.plist";
				LD_RUNPATH_SEARCH_PATHS = "$(inherited) @executable_path/Frameworks";
				PRODUCT_BUNDLE_IDENTIFIER = "songzhuo.--";
				PRODUCT_NAME = "$(TARGET_NAME)";
			};
			name = Debug;
		};
		0EBF79451C192A9D004C7667 /* Release */ = {
			isa = XCBuildConfiguration;
			buildSettings = {
				ASSETCATALOG_COMPILER_APPICON_NAME = AppIcon;
				INFOPLIST_FILE = "登陆/Info.plist";
				LD_RUNPATH_SEARCH_PATHS = "$(inherited) @executable_path/Frameworks";
				PRODUCT_BUNDLE_IDENTIFIER = "songzhuo.--";
				PRODUCT_NAME = "$(TARGET_NAME)";
			};
			name = Release;
		};
		0EBF79471C192A9D004C7667 /* Debug */ = {
			isa = XCBuildConfiguration;
			buildSettings = {
				BUNDLE_LOADER = "$(TEST_HOST)";
				INFOPLIST_FILE = "登陆Tests/Info.plist";
				LD_RUNPATH_SEARCH_PATHS = "$(inherited) @executable_path/Frameworks @loader_path/Frameworks";
				PRODUCT_BUNDLE_IDENTIFIER = "songzhuo.--Tests";
				PRODUCT_NAME = "$(TARGET_NAME)";
				TEST_HOST = "$(BUILT_PRODUCTS_DIR)/登陆.app/登陆";
			};
			name = Debug;
		};
		0EBF79481C192A9D004C7667 /* Release */ = {
			isa = XCBuildConfiguration;
			buildSettings = {
				BUNDLE_LOADER = "$(TEST_HOST)";
				INFOPLIST_FILE = "登陆Tests/Info.plist";
				LD_RUNPATH_SEARCH_PATHS = "$(inherited) @executable_path/Frameworks @loader_path/Frameworks";
				PRODUCT_BUNDLE_IDENTIFIER = "songzhuo.--Tests";
				PRODUCT_NAME = "$(TARGET_NAME)";
				TEST_HOST = "$(BUILT_PRODUCTS_DIR)/登陆.app/登陆";
			};
			name = Release;
		};
		0EBF794A1C192A9D004C7667 /* Debug */ = {
			isa = XCBuildConfiguration;
			buildSettings = {
				INFOPLIST_FILE = "登陆UITests/Info.plist";
				LD_RUNPATH_SEARCH_PATHS = "$(inherited) @executable_path/Frameworks @loader_path/Frameworks";
				PRODUCT_BUNDLE_IDENTIFIER = "songzhuo.--UITests";
				PRODUCT_NAME = "$(TARGET_NAME)";
				TEST_TARGET_NAME = "登陆";
				USES_XCTRUNNER = YES;
			};
			name = Debug;
		};
		0EBF794B1C192A9D004C7667 /* Release */ = {
			isa = XCBuildConfiguration;
			buildSettings = {
				INFOPLIST_FILE = "登陆UITests/Info.plist";
				LD_RUNPATH_SEARCH_PATHS = "$(inherited) @executable_path/Frameworks @loader_path/Frameworks";
				PRODUCT_BUNDLE_IDENTIFIER = "songzhuo.--UITests";
				PRODUCT_NAME = "$(TARGET_NAME)";
				TEST_TARGET_NAME = "登陆";
				USES_XCTRUNNER = YES;
			};
			name = Release;
		};
/* End XCBuildConfiguration section */

/* Begin XCConfigurationList section */
		0EBF79111C192A9D004C7667 /* Build configuration list for PBXProject "登陆" */ = {
			isa = XCConfigurationList;
			buildConfigurations = (
				0EBF79411C192A9D004C7667 /* Debug */,
				0EBF79421C192A9D004C7667 /* Release */,
			);
			defaultConfigurationIsVisible = 0;
			defaultConfigurationName = Release;
		};
		0EBF79431C192A9D004C7667 /* Build configuration list for PBXNativeTarget "登陆" */ = {
			isa = XCConfigurationList;
			buildConfigurations = (
				0EBF79441C192A9D004C7667 /* Debug */,
				0EBF79451C192A9D004C7667 /* Release */,
			);
			defaultConfigurationIsVisible = 0;
		};
		0EBF79461C192A9D004C7667 /* Build configuration list for PBXNativeTarget "登陆Tests" */ = {
			isa = XCConfigurationList;
			buildConfigurations = (
				0EBF79471C192A9D004C7667 /* Debug */,
				0EBF79481C192A9D004C7667 /* Release */,
			);
			defaultConfigurationIsVisible = 0;
		};
		0EBF79491C192A9D004C7667 /* Build configuration list for PBXNativeTarget "登陆UITests" */ = {
			isa = XCConfigurationList;
			buildConfigurations = (
				0EBF794A1C192A9D004C7667 /* Debug */,
				0EBF794B1C192A9D004C7667 /* Release */,
			);
			defaultConfigurationIsVisible = 0;
		};
/* End XCConfigurationList section */
	};
	rootObject = 0EBF790E1C192A9D004C7667 /* Project object */;
}
